
Microsoft Visual Studio Solution File, Format Version 12.00
# Visual Studio Version 17
VisualStudioVersion = 17.14.36414.22 d17.14
MinimumVisualStudioVersion = 10.0.40219.1
Project("{2150E333-8FDC-42A3-9474-1A3956D46DE8}") = "Accounts", "Accounts", "{02EA681E-C7D8-13C7-8484-4AC65E1B71E8}"
EndProject
Project("{2150E333-8FDC-42A3-9474-1A3956D46DE8}") = "Transfers", "Transfers", "{1AFE1390-641C-45F3-BCD0-9BE54CCA79D2}"
EndProject
Project("{2150E333-8FDC-42A3-9474-1A3956D46DE8}") = "Fees", "Fees", "{2C020B8D-36BB-479C-BA1C-1DA329515782}"
EndProject
Project("{2150E333-8FDC-42A3-9474-1A3956D46DE8}") = "BuildingBlocks", "BuildingBlocks", "{88D8B446-7533-4D42-9D3C-8C91FEFDA5D0}"
EndProject
Project("{2150E333-8FDC-42A3-9474-1A3956D46DE8}") = "src", "src", "{359DA652-7F97-40EF-8BCD-FF98B61B6680}"
EndProject
Project("{FAE04EC0-301F-11D3-BF4B-00C04F79EFBC}") = "AnaBank.Accounts.API", "src\Accounts\AnaBank.Accounts.API\AnaBank.Accounts.API.csproj", "{05376A1E-9061-4F33-94B3-C742F488826D}"
EndProject
Project("{FAE04EC0-301F-11D3-BF4B-00C04F79EFBC}") = "AnaBank.Accounts.Application", "src\Accounts\AnaBank.Accounts.Application\AnaBank.Accounts.Application.csproj", "{319FBDD1-466A-49F7-9065-5FC4534FBE34}"
EndProject
Project("{FAE04EC0-301F-11D3-BF4B-00C04F79EFBC}") = "AnaBank.Accounts.Domain", "src\Accounts\AnaBank.Accounts.Domain\AnaBank.Accounts.Domain.csproj", "{42AC43DB-CC5E-4EA2-9253-715E736C120D}"
EndProject
Project("{FAE04EC0-301F-11D3-BF4B-00C04F79EFBC}") = "AnaBank.Accounts.Infrastructure", "src\Accounts\AnaBank.Accounts.Infrastructure\AnaBank.Accounts.Infrastructure.csproj", "{37F2B8E1-64E6-4BE5-AD3F-09D67D4DFDF1}"
EndProject
Project("{FAE04EC0-301F-11D3-BF4B-00C04F79EFBC}") = "AnaBank.Transfers.API", "src\Transfers\AnaBank.Transfers.API\AnaBank.Transfers.API.csproj", "{D8D3759B-D7A5-418F-B2F4-BD45918D10FA}"
EndProject
Project("{FAE04EC0-301F-11D3-BF4B-00C04F79EFBC}") = "AnaBank.Transfers.Application", "src\Transfers\AnaBank.Transfers.Application\AnaBank.Transfers.Application.csproj", "{A983A7FB-C498-4447-8E15-0D75730B163F}"
EndProject
Project("{FAE04EC0-301F-11D3-BF4B-00C04F79EFBC}") = "AnaBank.Transfers.Domain", "src\Transfers\AnaBank.Transfers.Domain\AnaBank.Transfers.Domain.csproj", "{0C02537F-8C2D-452E-9A17-1F6EDBCA2675}"
EndProject
Project("{FAE04EC0-301F-11D3-BF4B-00C04F79EFBC}") = "AnaBank.Transfers.Infrastructure", "src\Transfers\AnaBank.Transfers.Infrastructure\AnaBank.Transfers.Infrastructure.csproj", "{EC0CC8F9-C24A-4BD3-9B0D-0EB68A6DAE96}"
EndProject
Project("{FAE04EC0-301F-11D3-BF4B-00C04F79EFBC}") = "AnaBank.Fees.Worker", "src\Fees\AnaBank.Fees.Worker\AnaBank.Fees.Worker.csproj", "{216ECA60-8B67-4D73-AED9-15E60772CD2B}"
EndProject
Project("{FAE04EC0-301F-11D3-BF4B-00C04F79EFBC}") = "AnaBank.BuildingBlocks.Web", "src\BuildingBlocks\AnaBank.BuildingBlocks.Web\AnaBank.BuildingBlocks.Web.csproj", "{3FCBD4D6-BFA0-4CC5-9D57-CE3A68D40BFC}"
EndProject
Project("{FAE04EC0-301F-11D3-BF4B-00C04F79EFBC}") = "AnaBank.BuildingBlocks.Data", "src\BuildingBlocks\AnaBank.BuildingBlocks.Data\AnaBank.BuildingBlocks.Data.csproj", "{32D56E4C-8F7E-EE91-78FD-C890EA1F9B67}"
EndProject
Project("{2150E333-8FDC-42A3-9474-1A3956D46DE8}") = "tests", "tests", "{790579A2-CBA9-4BE5-9388-E0EC945F4F85}"
EndProject
Project("{FAE04EC0-301F-11D3-BF4B-00C04F79EFBC}") = "AnaBank.Transfers.UnitTests", "tests\AnaBank.Transfers.UnitTests\AnaBank.Transfers.UnitTests.csproj", "{187D976B-137D-C962-FE6A-46F9F803E5A2}"
EndProject
Project("{FAE04EC0-301F-11D3-BF4B-00C04F79EFBC}") = "AnaBank.Accounts.UnitTests", "tests\AnaBank.Accounts.UnitTests\AnaBank.Accounts.UnitTests.csproj", "{F306CBD6-7AE8-173C-0CA6-8CACEA6B8577}"
EndProject
Project("{FAE04EC0-301F-11D3-BF4B-00C04F79EFBC}") = "AnaBank.Accounts.IntegrationTests", "tests\AnaBank.Accounts.IntegrationTests\AnaBank.Accounts.IntegrationTests.csproj", "{1A82AFC9-60E5-10FF-CCA7-22D2517F9EB4}"
EndProject
Global
	GlobalSection(SolutionConfigurationPlatforms) = preSolution
		Debug|Any CPU = Debug|Any CPU
		Release|Any CPU = Release|Any CPU
	EndGlobalSection
	GlobalSection(ProjectConfigurationPlatforms) = postSolution
		{05376A1E-9061-4F33-94B3-C742F488826D}.Debug|Any CPU.ActiveCfg = Debug|Any CPU
		{05376A1E-9061-4F33-94B3-C742F488826D}.Debug|Any CPU.Build.0 = Debug|Any CPU
		{05376A1E-9061-4F33-94B3-C742F488826D}.Release|Any CPU.ActiveCfg = Release|Any CPU
		{05376A1E-9061-4F33-94B3-C742F488826D}.Release|Any CPU.Build.0 = Release|Any CPU
		{319FBDD1-466A-49F7-9065-5FC4534FBE34}.Debug|Any CPU.ActiveCfg = Debug|Any CPU
		{319FBDD1-466A-49F7-9065-5FC4534FBE34}.Debug|Any CPU.Build.0 = Debug|Any CPU
		{319FBDD1-466A-49F7-9065-5FC4534FBE34}.Release|Any CPU.ActiveCfg = Release|Any CPU
		{319FBDD1-466A-49F7-9065-5FC4534FBE34}.Release|Any CPU.Build.0 = Release|Any CPU
		{42AC43DB-CC5E-4EA2-9253-715E736C120D}.Debug|Any CPU.ActiveCfg = Debug|Any CPU
		{42AC43DB-CC5E-4EA2-9253-715E736C120D}.Debug|Any CPU.Build.0 = Debug|Any CPU
		{42AC43DB-CC5E-4EA2-9253-715E736C120D}.Release|Any CPU.ActiveCfg = Release|Any CPU
		{42AC43DB-CC5E-4EA2-9253-715E736C120D}.Release|Any CPU.Build.0 = Release|Any CPU
		{37F2B8E1-64E6-4BE5-AD3F-09D67D4DFDF1}.Debug|Any CPU.ActiveCfg = Debug|Any CPU
		{37F2B8E1-64E6-4BE5-AD3F-09D67D4DFDF1}.Debug|Any CPU.Build.0 = Debug|Any CPU
		{37F2B8E1-64E6-4BE5-AD3F-09D67D4DFDF1}.Release|Any CPU.ActiveCfg = Release|Any CPU
		{37F2B8E1-64E6-4BE5-AD3F-09D67D4DFDF1}.Release|Any CPU.Build.0 = Release|Any CPU
		{D8D3759B-D7A5-418F-B2F4-BD45918D10FA}.Debug|Any CPU.ActiveCfg = Debug|Any CPU
		{D8D3759B-D7A5-418F-B2F4-BD45918D10FA}.Debug|Any CPU.Build.0 = Debug|Any CPU
		{D8D3759B-D7A5-418F-B2F4-BD45918D10FA}.Release|Any CPU.ActiveCfg = Release|Any CPU
		{D8D3759B-D7A5-418F-B2F4-BD45918D10FA}.Release|Any CPU.Build.0 = Release|Any CPU
		{A983A7FB-C498-4447-8E15-0D75730B163F}.Debug|Any CPU.ActiveCfg = Debug|Any CPU
		{A983A7FB-C498-4447-8E15-0D75730B163F}.Debug|Any CPU.Build.0 = Debug|Any CPU
		{A983A7FB-C498-4447-8E15-0D75730B163F}.Release|Any CPU.ActiveCfg = Release|Any CPU
		{A983A7FB-C498-4447-8E15-0D75730B163F}.Release|Any CPU.Build.0 = Release|Any CPU
		{0C02537F-8C2D-452E-9A17-1F6EDBCA2675}.Debug|Any CPU.ActiveCfg = Debug|Any CPU
		{0C02537F-8C2D-452E-9A17-1F6EDBCA2675}.Debug|Any CPU.Build.0 = Debug|Any CPU
		{0C02537F-8C2D-452E-9A17-1F6EDBCA2675}.Release|Any CPU.ActiveCfg = Release|Any CPU
		{0C02537F-8C2D-452E-9A17-1F6EDBCA2675}.Release|Any CPU.Build.0 = Release|Any CPU
		{EC0CC8F9-C24A-4BD3-9B0D-0EB68A6DAE96}.Debug|Any CPU.ActiveCfg = Debug|Any CPU
		{EC0CC8F9-C24A-4BD3-9B0D-0EB68A6DAE96}.Debug|Any CPU.Build.0 = Debug|Any CPU
		{EC0CC8F9-C24A-4BD3-9B0D-0EB68A6DAE96}.Release|Any CPU.ActiveCfg = Release|Any CPU
		{EC0CC8F9-C24A-4BD3-9B0D-0EB68A6DAE96}.Release|Any CPU.Build.0 = Release|Any CPU
		{216ECA60-8B67-4D73-AED9-15E60772CD2B}.Debug|Any CPU.ActiveCfg = Debug|Any CPU
		{216ECA60-8B67-4D73-AED9-15E60772CD2B}.Debug|Any CPU.Build.0 = Debug|Any CPU
		{216ECA60-8B67-4D73-AED9-15E60772CD2B}.Release|Any CPU.ActiveCfg = Release|Any CPU
		{216ECA60-8B67-4D73-AED9-15E60772CD2B}.Release|Any CPU.Build.0 = Release|Any CPU
		{3FCBD4D6-BFA0-4CC5-9D57-CE3A68D40BFC}.Debug|Any CPU.ActiveCfg = Debug|Any CPU
		{3FCBD4D6-BFA0-4CC5-9D57-CE3A68D40BFC}.Debug|Any CPU.Build.0 = Debug|Any CPU
		{3FCBD4D6-BFA0-4CC5-9D57-CE3A68D40BFC}.Release|Any CPU.ActiveCfg = Release|Any CPU
		{3FCBD4D6-BFA0-4CC5-9D57-CE3A68D40BFC}.Release|Any CPU.Build.0 = Release|Any CPU
		{32D56E4C-8F7E-EE91-78FD-C890EA1F9B67}.Debug|Any CPU.ActiveCfg = Debug|Any CPU
		{32D56E4C-8F7E-EE91-78FD-C890EA1F9B67}.Debug|Any CPU.Build.0 = Debug|Any CPU
		{32D56E4C-8F7E-EE91-78FD-C890EA1F9B67}.Release|Any CPU.ActiveCfg = Release|Any CPU
		{32D56E4C-8F7E-EE91-78FD-C890EA1F9B67}.Release|Any CPU.Build.0 = Release|Any CPU
		{187D976B-137D-C962-FE6A-46F9F803E5A2}.Debug|Any CPU.ActiveCfg = Debug|Any CPU
		{187D976B-137D-C962-FE6A-46F9F803E5A2}.Debug|Any CPU.Build.0 = Debug|Any CPU
		{187D976B-137D-C962-FE6A-46F9F803E5A2}.Release|Any CPU.ActiveCfg = Release|Any CPU
		{187D976B-137D-C962-FE6A-46F9F803E5A2}.Release|Any CPU.Build.0 = Release|Any CPU
		{F306CBD6-7AE8-173C-0CA6-8CACEA6B8577}.Debug|Any CPU.ActiveCfg = Debug|Any CPU
		{F306CBD6-7AE8-173C-0CA6-8CACEA6B8577}.Debug|Any CPU.Build.0 = Debug|Any CPU
		{F306CBD6-7AE8-173C-0CA6-8CACEA6B8577}.Release|Any CPU.ActiveCfg = Release|Any CPU
		{F306CBD6-7AE8-173C-0CA6-8CACEA6B8577}.Release|Any CPU.Build.0 = Release|Any CPU
		{1A82AFC9-60E5-10FF-CCA7-22D2517F9EB4}.Debug|Any CPU.ActiveCfg = Debug|Any CPU
		{1A82AFC9-60E5-10FF-CCA7-22D2517F9EB4}.Debug|Any CPU.Build.0 = Debug|Any CPU
		{1A82AFC9-60E5-10FF-CCA7-22D2517F9EB4}.Release|Any CPU.ActiveCfg = Release|Any CPU
		{1A82AFC9-60E5-10FF-CCA7-22D2517F9EB4}.Release|Any CPU.Build.0 = Release|Any CPU
	EndGlobalSection
	GlobalSection(SolutionProperties) = preSolution
		HideSolutionNode = FALSE
	EndGlobalSection
	GlobalSection(NestedProjects) = preSolution
		{02EA681E-C7D8-13C7-8484-4AC65E1B71E8} = {359DA652-7F97-40EF-8BCD-FF98B61B6680}
		{1AFE1390-641C-45F3-BCD0-9BE54CCA79D2} = {359DA652-7F97-40EF-8BCD-FF98B61B6680}
		{2C020B8D-36BB-479C-BA1C-1DA329515782} = {359DA652-7F97-40EF-8BCD-FF98B61B6680}
		{88D8B446-7533-4D42-9D3C-8C91FEFDA5D0} = {359DA652-7F97-40EF-8BCD-FF98B61B6680}
		{05376A1E-9061-4F33-94B3-C742F488826D} = {02EA681E-C7D8-13C7-8484-4AC65E1B71E8}
		{319FBDD1-466A-49F7-9065-5FC4534FBE34} = {02EA681E-C7D8-13C7-8484-4AC65E1B71E8}
		{42AC43DB-CC5E-4EA2-9253-715E736C120D} = {02EA681E-C7D8-13C7-8484-4AC65E1B71E8}
		{37F2B8E1-64E6-4BE5-AD3F-09D67D4DFDF1} = {02EA681E-C7D8-13C7-8484-4AC65E1B71E8}
		{D8D3759B-D7A5-418F-B2F4-BD45918D10FA} = {1AFE1390-641C-45F3-BCD0-9BE54CCA79D2}
		{A983A7FB-C498-4447-8E15-0D75730B163F} = {1AFE1390-641C-45F3-BCD0-9BE54CCA79D2}
		{0C02537F-8C2D-452E-9A17-1F6EDBCA2675} = {1AFE1390-641C-45F3-BCD0-9BE54CCA79D2}
		{EC0CC8F9-C24A-4BD3-9B0D-0EB68A6DAE96} = {1AFE1390-641C-45F3-BCD0-9BE54CCA79D2}
		{216ECA60-8B67-4D73-AED9-15E60772CD2B} = {2C020B8D-36BB-479C-BA1C-1DA329515782}
		{3FCBD4D6-BFA0-4CC5-9D57-CE3A68D40BFC} = {88D8B446-7533-4D42-9D3C-8C91FEFDA5D0}
		{32D56E4C-8F7E-EE91-78FD-C890EA1F9B67} = {88D8B446-7533-4D42-9D3C-8C91FEFDA5D0}
		{187D976B-137D-C962-FE6A-46F9F803E5A2} = {790579A2-CBA9-4BE5-9388-E0EC945F4F85}
		{F306CBD6-7AE8-173C-0CA6-8CACEA6B8577} = {790579A2-CBA9-4BE5-9388-E0EC945F4F85}
		{1A82AFC9-60E5-10FF-CCA7-22D2517F9EB4} = {790579A2-CBA9-4BE5-9388-E0EC945F4F85}
	EndGlobalSection
	GlobalSection(ExtensibilityGlobals) = postSolution
		SolutionGuid = {314F5FB0-1184-42C4-8FDE-4EE38F8333EA}
	EndGlobalSection
EndGlobal
